// !$*UTF8*$!
{
	archiveVersion = 1;
	classes = {
	};
	objectVersion = 46;
	objects = {

/* Begin PBXBuildFile section */
		0CEAE9FC187C19DF00D431A6 /* Foundation.framework in Frameworks */ = {isa = PBXBuildFile; fileRef = 0CEAE9FB187C19DF00D431A6 /* Foundation.framework */; };
		0CEAE9FE187C19DF00D431A6 /* CoreGraphics.framework in Frameworks */ = {isa = PBXBuildFile; fileRef = 0CEAE9FD187C19DF00D431A6 /* CoreGraphics.framework */; };
		0CEAEA00187C19DF00D431A6 /* UIKit.framework in Frameworks */ = {isa = PBXBuildFile; fileRef = 0CEAE9FF187C19DF00D431A6 /* UIKit.framework */; };
		0CEAEA06187C19DF00D431A6 /* InfoPlist.strings in Resources */ = {isa = PBXBuildFile; fileRef = 0CEAEA04187C19DF00D431A6 /* InfoPlist.strings */; };
		0CEAEA08187C19DF00D431A6 /* main.m in Sources */ = {isa = PBXBuildFile; fileRef = 0CEAEA07187C19DF00D431A6 /* main.m */; };
		0CEAEA0C187C19DF00D431A6 /* AppDelegate.m in Sources */ = {isa = PBXBuildFile; fileRef = 0CEAEA0B187C19DF00D431A6 /* AppDelegate.m */; };
		0CEAEA0F187C19DF00D431A6 /* Main.storyboard in Resources */ = {isa = PBXBuildFile; fileRef = 0CEAEA0D187C19DF00D431A6 /* Main.storyboard */; };
		0CEAEA12187C19DF00D431A6 /* ViewController.m in Sources */ = {isa = PBXBuildFile; fileRef = 0CEAEA11187C19DF00D431A6 /* ViewController.m */; };
		0CEAEA14187C19DF00D431A6 /* Images.xcassets in Resources */ = {isa = PBXBuildFile; fileRef = 0CEAEA13187C19DF00D431A6 /* Images.xcassets */; };
		0CEAEA1B187C19DF00D431A6 /* XCTest.framework in Frameworks */ = {isa = PBXBuildFile; fileRef = 0CEAEA1A187C19DF00D431A6 /* XCTest.framework */; };
		0CEAEA1C187C19DF00D431A6 /* Foundation.framework in Frameworks */ = {isa = PBXBuildFile; fileRef = 0CEAE9FB187C19DF00D431A6 /* Foundation.framework */; };
		0CEAEA1D187C19DF00D431A6 /* UIKit.framework in Frameworks */ = {isa = PBXBuildFile; fileRef = 0CEAE9FF187C19DF00D431A6 /* UIKit.framework */; };
		0CEAEA25187C19DF00D431A6 /* InfoPlist.strings in Resources */ = {isa = PBXBuildFile; fileRef = 0CEAEA23187C19DF00D431A6 /* InfoPlist.strings */; };
		0CEAEA27187C19DF00D431A6 /* calciTests.m in Sources */ = {isa = PBXBuildFile; fileRef = 0CEAEA26187C19DF00D431A6 /* calciTests.m */; };
/* End PBXBuildFile section */

/* Begin PBXContainerItemProxy section */
		0CEAEA1E187C19DF00D431A6 /* PBXContainerItemProxy */ = {
			isa = PBXContainerItemProxy;
			containerPortal = 0CEAE9F0187C19DF00D431A6 /* Project object */;
			proxyType = 1;
			remoteGlobalIDString = 0CEAE9F7187C19DF00D431A6;
			remoteInfo = calci;
		};
/* End PBXContainerItemProxy section */

/* Begin PBXFileReference section */
		0CEAE9F8187C19DF00D431A6 /* calci.app */ = {isa = PBXFileReference; explicitFileType = wrapper.application; includeInIndex = 0; path = calci.app; sourceTree = BUILT_PRODUCTS_DIR; };
		0CEAE9FB187C19DF00D431A6 /* Foundation.framework */ = {isa = PBXFileReference; lastKnownFileType = wrapper.framework; name = Foundation.framework; path = System/Library/Frameworks/Foundation.framework; sourceTree = SDKROOT; };
		0CEAE9FD187C19DF00D431A6 /* CoreGraphics.framework */ = {isa = PBXFileReference; lastKnownFileType = wrapper.framework; name = CoreGraphics.framework; path = System/Library/Frameworks/CoreGraphics.framework; sourceTree = SDKROOT; };
		0CEAE9FF187C19DF00D431A6 /* UIKit.framework */ = {isa = PBXFileReference; lastKnownFileType = wrapper.framework; name = UIKit.framework; path = System/Library/Frameworks/UIKit.framework; sourceTree = SDKROOT; };
		0CEAEA03187C19DF00D431A6 /* calci-Info.plist */ = {isa = PBXFileReference; lastKnownFileType = text.plist.xml; path = "calci-Info.plist"; sourceTree = "<group>"; };
		0CEAEA05187C19DF00D431A6 /* en */ = {isa = PBXFileReference; lastKnownFileType = text.plist.strings; name = en; path = en.lproj/InfoPlist.strings; sourceTree = "<group>"; };
		0CEAEA07187C19DF00D431A6 /* main.m */ = {isa = PBXFileReference; lastKnownFileType = sourcecode.c.objc; path = main.m; sourceTree = "<group>"; };
		0CEAEA09187C19DF00D431A6 /* calci-Prefix.pch */ = {isa = PBXFileReference; lastKnownFileType = sourcecode.c.h; path = "calci-Prefix.pch"; sourceTree = "<group>"; };
		0CEAEA0A187C19DF00D431A6 /* AppDelegate.h */ = {isa = PBXFileReference; lastKnownFileType = sourcecode.c.h; path = AppDelegate.h; sourceTree = "<group>"; };
		0CEAEA0B187C19DF00D431A6 /* AppDelegate.m */ = {isa = PBXFileReference; lastKnownFileType = sourcecode.c.objc; path = AppDelegate.m; sourceTree = "<group>"; };
		0CEAEA0E187C19DF00D431A6 /* Base */ = {isa = PBXFileReference; lastKnownFileType = file.storyboard; name = Base; path = Base.lproj/Main.storyboard; sourceTree = "<group>"; };
		0CEAEA10187C19DF00D431A6 /* ViewController.h */ = {isa = PBXFileReference; lastKnownFileType = sourcecode.c.h; path = ViewController.h; sourceTree = "<group>"; };
		0CEAEA11187C19DF00D431A6 /* ViewController.m */ = {isa = PBXFileReference; lastKnownFileType = sourcecode.c.objc; path = ViewController.m; sourceTree = "<group>"; };
		0CEAEA13187C19DF00D431A6 /* Images.xcassets */ = {isa = PBXFileReference; lastKnownFileType = folder.assetcatalog; path = Images.xcassets; sourceTree = "<group>"; };
		0CEAEA19187C19DF00D431A6 /* calciTests.xctest */ = {isa = PBXFileReference; explicitFileType = wrapper.cfbundle; includeInIndex = 0; path = calciTests.xctest; sourceTree = BUILT_PRODUCTS_DIR; };
		0CEAEA1A187C19DF00D431A6 /* XCTest.framework */ = {isa = PBXFileReference; lastKnownFileType = wrapper.framework; name = XCTest.framework; path = Library/Frameworks/XCTest.framework; sourceTree = DEVELOPER_DIR; };
		0CEAEA22187C19DF00D431A6 /* calciTests-Info.plist */ = {isa = PBXFileReference; lastKnownFileType = text.plist.xml; path = "calciTests-Info.plist"; sourceTree = "<group>"; };
		0CEAEA24187C19DF00D431A6 /* en */ = {isa = PBXFileReference; lastKnownFileType = text.plist.strings; name = en; path = en.lproj/InfoPlist.strings; sourceTree = "<group>"; };
		0CEAEA26187C19DF00D431A6 /* calciTests.m */ = {isa = PBXFileReference; lastKnownFileType = sourcecode.c.objc; path = calciTests.m; sourceTree = "<group>"; };
/* End PBXFileReference section */

/* Begin PBXFrameworksBuildPhase section */
		0CEAE9F5187C19DF00D431A6 /* Frameworks */ = {
			isa = PBXFrameworksBuildPhase;
			buildActionMask = 2147483647;
			files = (
				0CEAE9FE187C19DF00D431A6 /* CoreGraphics.framework in Frameworks */,
				0CEAEA00187C19DF00D431A6 /* UIKit.framework in Frameworks */,
				0CEAE9FC187C19DF00D431A6 /* Foundation.framework in Frameworks */,
			);
			runOnlyForDeploymentPostprocessing = 0;
		};
		0CEAEA16187C19DF00D431A6 /* Frameworks */ = {
			isa = PBXFrameworksBuildPhase;
			buildActionMask = 2147483647;
			files = (
				0CEAEA1B187C19DF00D431A6 /* XCTest.framework in Frameworks */,
				0CEAEA1D187C19DF00D431A6 /* UIKit.framework in Frameworks */,
				0CEAEA1C187C19DF00D431A6 /* Foundation.framework in Frameworks */,
			);
			runOnlyForDeploymentPostprocessing = 0;
		};
/* End PBXFrameworksBuildPhase section */

/* Begin PBXGroup section */
		0CEAE9EF187C19DF00D431A6 = {
			isa = PBXGroup;
			children = (
				0CEAEA01187C19DF00D431A6 /* calci */,
				0CEAEA20187C19DF00D431A6 /* calciTests */,
				0CEAE9FA187C19DF00D431A6 /* Frameworks */,
				0CEAE9F9187C19DF00D431A6 /* Products */,
			);
			sourceTree = "<group>";
		};
		0CEAE9F9187C19DF00D431A6 /* Products */ = {
			isa = PBXGroup;
			children = (
				0CEAE9F8187C19DF00D431A6 /* calci.app */,
				0CEAEA19187C19DF00D431A6 /* calciTests.xctest */,
			);
			name = Products;
			sourceTree = "<group>";
		};
		0CEAE9FA187C19DF00D431A6 /* Frameworks */ = {
			isa = PBXGroup;
			children = (
				0CEAE9FB187C19DF00D431A6 /* Foundation.framework */,
				0CEAE9FD187C19DF00D431A6 /* CoreGraphics.framework */,
				0CEAE9FF187C19DF00D431A6 /* UIKit.framework */,
				0CEAEA1A187C19DF00D431A6 /* XCTest.framework */,
			);
			name = Frameworks;
			sourceTree = "<group>";
		};
		0CEAEA01187C19DF00D431A6 /* calci */ = {
			isa = PBXGroup;
			children = (
				0CEAEA0A187C19DF00D431A6 /* AppDelegate.h */,
				0CEAEA0B187C19DF00D431A6 /* AppDelegate.m */,
				0CEAEA0D187C19DF00D431A6 /* Main.storyboard */,
				0CEAEA10187C19DF00D431A6 /* ViewController.h */,
				0CEAEA11187C19DF00D431A6 /* ViewController.m */,
				0CEAEA13187C19DF00D431A6 /* Images.xcassets */,
				0CEAEA02187C19DF00D431A6 /* Supporting Files */,
			);
			path = calci;
			sourceTree = "<group>";
		};
		0CEAEA02187C19DF00D431A6 /* Supporting Files */ = {
			isa = PBXGroup;
			children = (
				0CEAEA03187C19DF00D431A6 /* calci-Info.plist */,
				0CEAEA04187C19DF00D431A6 /* InfoPlist.strings */,
				0CEAEA07187C19DF00D431A6 /* main.m */,
				0CEAEA09187C19DF00D431A6 /* calci-Prefix.pch */,
			);
			name = "Supporting Files";
			sourceTree = "<group>";
		};
		0CEAEA20187C19DF00D431A6 /* calciTests */ = {
			isa = PBXGroup;
			children = (
				0CEAEA26187C19DF00D431A6 /* calciTests.m */,
				0CEAEA21187C19DF00D431A6 /* Supporting Files */,
			);
			path = calciTests;
			sourceTree = "<group>";
		};
		0CEAEA21187C19DF00D431A6 /* Supporting Files */ = {
			isa = PBXGroup;
			children = (
				0CEAEA22187C19DF00D431A6 /* calciTests-Info.plist */,
				0CEAEA23187C19DF00D431A6 /* InfoPlist.strings */,
			);
			name = "Supporting Files";
			sourceTree = "<group>";
		};
/* End PBXGroup section */

/* Begin PBXNativeTarget section */
		0CEAE9F7187C19DF00D431A6 /* calci */ = {
			isa = PBXNativeTarget;
			buildConfigurationList = 0CEAEA2A187C19DF00D431A6 /* Build configuration list for PBXNativeTarget "calci" */;
			buildPhases = (
				0CEAE9F4187C19DF00D431A6 /* Sources */,
				0CEAE9F5187C19DF00D431A6 /* Frameworks */,
				0CEAE9F6187C19DF00D431A6 /* Resources */,
			);
			buildRules = (
			);
			dependencies = (
			);
			name = calci;
			productName = calci;
			productReference = 0CEAE9F8187C19DF00D431A6 /* calci.app */;
			productType = "com.apple.product-type.application";
		};
		0CEAEA18187C19DF00D431A6 /* calciTests */ = {
			isa = PBXNativeTarget;
			buildConfigurationList = 0CEAEA2D187C19DF00D431A6 /* Build configuration list for PBXNativeTarget "calciTests" */;
			buildPhases = (
				0CEAEA15187C19DF00D431A6 /* Sources */,
				0CEAEA16187C19DF00D431A6 /* Frameworks */,
				0CEAEA17187C19DF00D431A6 /* Resources */,
			);
			buildRules = (
			);
			dependencies = (
				0CEAEA1F187C19DF00D431A6 /* PBXTargetDependency */,
			);
			name = calciTests;
			productName = calciTests;
			productReference = 0CEAEA19187C19DF00D431A6 /* calciTests.xctest */;
			productType = "com.apple.product-type.bundle.unit-test";
		};
/* End PBXNativeTarget section */

/* Begin PBXProject section */
		0CEAE9F0187C19DF00D431A6 /* Project object */ = {
			isa = PBXProject;
			attributes = {
				LastUpgradeCheck = 0500;
				ORGANIZATIONNAME = "BSA UNIV 10";
				TargetAttributes = {
					0CEAEA18187C19DF00D431A6 = {
						TestTargetID = 0CEAE9F7187C19DF00D431A6;
					};
				};
			};
			buildConfigurationList = 0CEAE9F3187C19DF00D431A6 /* Build configuration list for PBXProject "calci" */;
			compatibilityVersion = "Xcode 3.2";
			developmentRegion = English;
			hasScannedForEncodings = 0;
			knownRegions = (
				en,
				Base,
			);
			mainGroup = 0CEAE9EF187C19DF00D431A6;
			productRefGroup = 0CEAE9F9187C19DF00D431A6 /* Products */;
			projectDirPath = "";
			projectRoot = "";
			targets = (
				0CEAE9F7187C19DF00D431A6 /* calci */,
				0CEAEA18187C19DF00D431A6 /* calciTests */,
			);
		};
/* End PBXProject section */

/* Begin PBXResourcesBuildPhase section */
		0CEAE9F6187C19DF00D431A6 /* Resources */ = {
			isa = PBXResourcesBuildPhase;
			buildActionMask = 2147483647;
			files = (
				0CEAEA14187C19DF00D431A6 /* Images.xcassets in Resources */,
				0CEAEA06187C19DF00D431A6 /* InfoPlist.strings in Resources */,
				0CEAEA0F187C19DF00D431A6 /* Main.storyboard in Resources */,
			);
			runOnlyForDeploymentPostprocessing = 0;
		};
		0CEAEA17187C19DF00D431A6 /* Resources */ = {
			isa = PBXResourcesBuildPhase;
			buildActionMask = 2147483647;
			files = (
				0CEAEA25187C19DF00D431A6 /* InfoPlist.strings in Resources */,
			);
			runOnlyForDeploymentPostprocessing = 0;
		};
/* End PBXResourcesBuildPhase section */

/* Begin PBXSourcesBuildPhase section */
		0CEAE9F4187C19DF00D431A6 /* Sources */ = {
			isa = PBXSourcesBuildPhase;
			buildActionMask = 2147483647;
			files = (
				0CEAEA12187C19DF00D431A6 /* ViewController.m in Sources */,
				0CEAEA0C187C19DF00D431A6 /* AppDelegate.m in Sources */,
				0CEAEA08187C19DF00D431A6 /* main.m in Sources */,
			);
			runOnlyForDeploymentPostprocessing = 0;
		};
		0CEAEA15187C19DF00D431A6 /* Sources */ = {
			isa = PBXSourcesBuildPhase;
			buildActionMask = 2147483647;
			files = (
				0CEAEA27187C19DF00D431A6 /* calciTests.m in Sources */,
			);
			runOnlyForDeploymentPostprocessing = 0;
		};
/* End PBXSourcesBuildPhase section */

/* Begin PBXTargetDependency section */
		0CEAEA1F187C19DF00D431A6 /* PBXTargetDependency */ = {
			isa = PBXTargetDependency;
			target = 0CEAE9F7187C19DF00D431A6 /* calci */;
			targetProxy = 0CEAEA1E187C19DF00D431A6 /* PBXContainerItemProxy */;
		};
/* End PBXTargetDependency section */

/* Begin PBXVariantGroup section */
		0CEAEA04187C19DF00D431A6 /* InfoPlist.strings */ = {
			isa = PBXVariantGroup;
			children = (
				0CEAEA05187C19DF00D431A6 /* en */,
			);
			name = InfoPlist.strings;
			sourceTree = "<group>";
		};
		0CEAEA0D187C19DF00D431A6 /* Main.storyboard */ = {
			isa = PBXVariantGroup;
			children = (
				0CEAEA0E187C19DF00D431A6 /* Base */,
			);
			name = Main.storyboard;
			sourceTree = "<group>";
		};
		0CEAEA23187C19DF00D431A6 /* InfoPlist.strings */ = {
			isa = PBXVariantGroup;
			children = (
				0CEAEA24187C19DF00D431A6 /* en */,
			);
			name = InfoPlist.strings;
			sourceTree = "<group>";
		};
/* End PBXVariantGroup section */

/* Begin XCBuildConfiguration section */
		0CEAEA28187C19DF00D431A6 /* Debug */ = {
			isa = XCBuildConfiguration;
			buildSettings = {
				ALWAYS_SEARCH_USER_PATHS = NO;
				ARCHS = "$(ARCHS_STANDARD_INCLUDING_64_BIT)";
				CLANG_CXX_LANGUAGE_STANDARD = "gnu++0x";
				CLANG_CXX_LIBRARY = "libc++";
				CLANG_ENABLE_MODULES = YES;
				CLANG_ENABLE_OBJC_ARC = YES;
				CLANG_WARN_BOOL_CONVERSION = YES;
				CLANG_WARN_CONSTANT_CONVERSION = YES;
				CLANG_WARN_DIRECT_OBJC_ISA_USAGE = YES_ERROR;
				CLANG_WARN_EMPTY_BODY = YES;
				CLANG_WARN_ENUM_CONVERSION = YES;
				CLANG_WARN_INT_CONVERSION = YES;
				CLANG_WARN_OBJC_ROOT_CLASS = YES_ERROR;
				CLANG_WARN__DUPLICATE_METHOD_MATCH = YES;
				"CODE_SIGN_IDENTITY[sdk=iphoneos*]" = "iPhone Developer";
				COPY_PHASE_STRIP = NO;
				GCC_C_LANGUAGE_STANDARD = gnu99;
				GCC_DYNAMIC_NO_PIC = NO;
				GCC_OPTIMIZATION_LEVEL = 0;
				GCC_PREPROCESSOR_DEFINITIONS = (
					"DEBUG=1",
					"$(inherited)",
				);
				GCC_SYMBOLS_PRIVATE_EXTERN = NO;
				GCC_WARN_64_TO_32_BIT_CONVERSION = YES;
				GCC_WARN_ABOUT_RETURN_TYPE = YES_ERROR;
				GCC_WARN_UNDECLARED_SELECTOR = YES;
				GCC_WARN_UNINITIALIZED_AUTOS = YES;
				GCC_WARN_UNUSED_FUNCTION = YES;
				GCC_WARN_UNUSED_VARIABLE = YES;
				IPHONEOS_DEPLOYMENT_TARGET = 7.0;
				ONLY_ACTIVE_ARCH = YES;
				SDKROOT = iphoneos;
			};
			name = Debug;
		};
		0CEAEA29187C19DF00D431A6 /* Release */ = {
			isa = XCBuildConfiguration;
			buildSettings = {
				ALWAYS_SEARCH_USER_PATHS = NO;
				ARCHS = "$(ARCHS_STANDARD_INCLUDING_64_BIT)";
				CLANG_CXX_LANGUAGE_STANDARD = "gnu++0x";
				CLANG_CXX_LIBRARY = "libc++";
				CLANG_ENABLE_MODULES = YES;
				CLANG_ENABLE_OBJC_ARC = YES;
				CLANG_WARN_BOOL_CONVERSION = YES;
				CLANG_WARN_CONSTANT_CONVERSION = YES;
				CLANG_WARN_DIRECT_OBJC_ISA_USAGE = YES_ERROR;
				CLANG_WARN_EMPTY_BODY = YES;
				CLANG_WARN_ENUM_CONVERSION = YES;
				CLANG_WARN_INT_CONVERSION = YES;
				CLANG_WARN_OBJC_ROOT_CLASS = YES_ERROR;
				CLANG_WARN__DUPLICATE_METHOD_MATCH = YES;
				"CODE_SIGN_IDENTITY[sdk=iphoneos*]" = "iPhone Developer";
				COPY_PHASE_STRIP = YES;
				ENABLE_NS_ASSERTIONS = NO;
				GCC_C_LANGUAGE_STANDARD = gnu99;
				GCC_WARN_64_TO_32_BIT_CONVERSION = YES;
				GCC_WARN_ABOUT_RETURN_TYPE = YES_ERROR;
				GCC_WARN_UNDECLARED_SELECTOR = YES;
				GCC_WARN_UNINITIALIZED_AUTOS = YES;
				GCC_WARN_UNUSED_FUNCTION = YES;
				GCC_WARN_UNUSED_VARIABLE = YES;
				IPHONEOS_DEPLOYMENT_TARGET = 7.0;
				SDKROOT = iphoneos;
				VALIDATE_PRODUCT = YES;
			};
			name = Release;
		};
		0CEAEA2B187C19DF00D431A6 /* Debug */ = {
			isa = XCBuildConfiguration;
			buildSettings = {
				ASSETCATALOG_COMPILER_APPICON_NAME = AppIcon;
				ASSETCATALOG_COMPILER_LAUNCHIMAGE_NAME = LaunchImage;
				GCC_PRECOMPILE_PREFIX_HEADER = YES;
				GCC_PREFIX_HEADER = "calci/calci-Prefix.pch";
				INFOPLIST_FILE = "calci/calci-Info.plist";
				PRODUCT_NAME = "$(TARGET_NAME)";
				WRAPPER_EXTENSION = app;
			};
			name = Debug;
		};
		0CEAEA2C187C19DF00D431A6 /* Release */ = {
			isa = XCBuildConfiguration;
			buildSettings = {
				ASSETCATALOG_COMPILER_APPICON_NAME = AppIcon;
				ASSETCATALOG_COMPILER_LAUNCHIMAGE_NAME = LaunchImage;
				GCC_PRECOMPILE_PREFIX_HEADER = YES;
				GCC_PREFIX_HEADER = "calci/calci-Prefix.pch";
				INFOPLIST_FILE = "calci/calci-Info.plist";
				PRODUCT_NAME = "$(TARGET_NAME)";
				WRAPPER_EXTENSION = app;
			};
			name = Release;
		};
		0CEAEA2E187C19DF00D431A6 /* Debug */ = {
			isa = XCBuildConfiguration;
			buildSettings = {
				ARCHS = "$(ARCHS_STANDARD_INCLUDING_64_BIT)";
				BUNDLE_LOADER = "$(BUILT_PRODUCTS_DIR)/calci.app/calci";
				FRAMEWORK_SEARCH_PATHS = (
					"$(SDKROOT)/Developer/Library/Frameworks",
					"$(inherited)",
					"$(DEVELOPER_FRAMEWORKS_DIR)",
				);
				GCC_PRECOMPILE_PREFIX_HEADER = YES;
				GCC_PREFIX_HEADER = "calci/calci-Prefix.pch";
				GCC_PREPROCESSOR_DEFINITIONS = (
					"DEBUG=1",
					"$(inherited)",
				);
				INFOPLIST_FILE = "calciTests/calciTests-Info.plist";
				PRODUCT_NAME = "$(TARGET_NAME)";
				TEST_HOST = "$(BUNDLE_LOADER)";
				WRAPPER_EXTENSION = xctest;
			};
			name = Debug;
		};
		0CEAEA2F187C19DF00D431A6 /* Release */ = {
			isa = XCBuildConfiguration;
			buildSettings = {
				ARCHS = "$(ARCHS_STANDARD_INCLUDING_64_BIT)";
				BUNDLE_LOADER = "$(BUILT_PRODUCTS_DIR)/calci.app/calci";
				FRAMEWORK_SEARCH_PATHS = (
					"$(SDKROOT)/Developer/Library/Frameworks",
					"$(inherited)",
					"$(DEVELOPER_FRAMEWORKS_DIR)",
				);
				GCC_PRECOMPILE_PREFIX_HEADER = YES;
				GCC_PREFIX_HEADER = "calci/calci-Prefix.pch";
				INFOPLIST_FILE = "calciTests/calciTests-Info.plist";
				PRODUCT_NAME = "$(TARGET_NAME)";
				TEST_HOST = "$(BUNDLE_LOADER)";
				WRAPPER_EXTENSION = xctest;
			};
			name = Release;
		};
/* End XCBuildConfiguration section */

/* Begin XCConfigurationList section */
		0CEAE9F3187C19DF00D431A6 /* Build configuration list for PBXProject "calci" */ = {
			isa = XCConfigurationList;
			buildConfigurations = (
				0CEAEA28187C19DF00D431A6 /* Debug */,
				0CEAEA29187C19DF00D431A6 /* Release */,
			);
			defaultConfigurationIsVisible = 0;
			defaultConfigurationName = Release;
		};
		0CEAEA2A187C19DF00D431A6 /* Build configuration list for PBXNativeTarget "calci" */ = {
			isa = XCConfigurationList;
			buildConfigurations = (
				0CEAEA2B187C19DF00D431A6 /* Debug */,
				0CEAEA2C187C19DF00D431A6 /* Release */,
			);
			defaultConfigurationIsVisible = 0;
		};
		0CEAEA2D187C19DF00D431A6 /* Build configuration list for PBXNativeTarget "calciTests" */ = {
			isa = XCConfigurationList;
			buildConfigurations = (
				0CEAEA2E187C19DF00D431A6 /* Debug */,
				0CEAEA2F187C19DF00D431A6 /* Release */,
			);
			defaultConfigurationIsVisible = 0;
		};
/* End XCConfigurationList section */
	};
	rootObject = 0CEAE9F0187C19DF00D431A6 /* Project object */;
}
